// !$*UTF8*$!
{
	archiveVersion = 1;
	classes = {
	};
	objectVersion = 55;
	objects = {

/* Begin PBXBuildFile section */
		0CF7E6CF7A24320B8FA4CB1B /* Pods_ZhudongParking_ZhudongParkingUITests.framework in Frameworks */ = {isa = PBXBuildFile; fileRef = B1AC1BF335791F276660DF6D /* Pods_ZhudongParking_ZhudongParkingUITests.framework */; };
		3BA8C712F3CB74CB6E3172E8 /* Pods_ZhudongParkingTests.framework in Frameworks */ = {isa = PBXBuildFile; fileRef = 4D6FE4AADF3DD43A1CB79179 /* Pods_ZhudongParkingTests.framework */; };
		4F1AC1A028ACEFDF001F2FFE /* AdminMainPageViewController.swift in Sources */ = {isa = PBXBuildFile; fileRef = 4F1AC19E28ACEFDF001F2FFE /* AdminMainPageViewController.swift */; };
		4F1AC1A128ACEFDF001F2FFE /* AdminMainPageViewController.xib in Resources */ = {isa = PBXBuildFile; fileRef = 4F1AC19F28ACEFDF001F2FFE /* AdminMainPageViewController.xib */; };
		4F1AC1A428ACF23D001F2FFE /* QRScanViewController.swift in Sources */ = {isa = PBXBuildFile; fileRef = 4F1AC1A228ACF23D001F2FFE /* QRScanViewController.swift */; };
		4F1AC1A528ACF23D001F2FFE /* QRScanViewController.xib in Resources */ = {isa = PBXBuildFile; fileRef = 4F1AC1A328ACF23D001F2FFE /* QRScanViewController.xib */; };
		4F5BF0CB28BC932C00DC6774 /* CouponAlertViewController.swift in Sources */ = {isa = PBXBuildFile; fileRef = 4F5BF0C928BC932C00DC6774 /* CouponAlertViewController.swift */; };
		4F5BF0CC28BC932C00DC6774 /* CouponAlertViewController.xib in Resources */ = {isa = PBXBuildFile; fileRef = 4F5BF0CA28BC932C00DC6774 /* CouponAlertViewController.xib */; };
		4F5CE64728ADD4C600595B41 /* ButtonFactory.swift in Sources */ = {isa = PBXBuildFile; fileRef = 4F5CE64628ADD4C600595B41 /* ButtonFactory.swift */; };
		4F5CE64928ADD94B00595B41 /* TitleLabel.swift in Sources */ = {isa = PBXBuildFile; fileRef = 4F5CE64828ADD94B00595B41 /* TitleLabel.swift */; };
		4F5CE64B28ADDAC600595B41 /* LabelFactory.swift in Sources */ = {isa = PBXBuildFile; fileRef = 4F5CE64A28ADDAC600595B41 /* LabelFactory.swift */; };
		4F5CE64D28ADEC2800595B41 /* AdminService.swift in Sources */ = {isa = PBXBuildFile; fileRef = 4F5CE64C28ADEC2800595B41 /* AdminService.swift */; };
		4F5D4AD028C04C2B001050A4 /* UIColor+Extension.swift in Sources */ = {isa = PBXBuildFile; fileRef = 4F5D4ACF28C04C2B001050A4 /* UIColor+Extension.swift */; };
		4F74094B28B873F700184AE0 /* Date+Extension.swift in Sources */ = {isa = PBXBuildFile; fileRef = 4F74094A28B873F700184AE0 /* Date+Extension.swift */; };
		4F7CC3A828AC98EC00C83A55 /* MainPageCollectionViewCell.swift in Sources */ = {isa = PBXBuildFile; fileRef = 4F7CC3A628AC98EC00C83A55 /* MainPageCollectionViewCell.swift */; };
		4F7CC3A928AC98EC00C83A55 /* MainPageCollectionViewCell.xib in Resources */ = {isa = PBXBuildFile; fileRef = 4F7CC3A728AC98EC00C83A55 /* MainPageCollectionViewCell.xib */; };
		4F91A36D28AF315F00461BA2 /* ParkService.swift in Sources */ = {isa = PBXBuildFile; fileRef = 4F91A36C28AF315F00461BA2 /* ParkService.swift */; };
		4FCE3BD028B5F6700099E612 /* CouponAlert.swift in Sources */ = {isa = PBXBuildFile; fileRef = 4FCE3BCF28B5F6700099E612 /* CouponAlert.swift */; };
		54233BBE28A9E37800367F21 /* TopModel.swift in Sources */ = {isa = PBXBuildFile; fileRef = 54233BBD28A9E37800367F21 /* TopModel.swift */; };
		5428283D2881042400C5B8CA /* AppDelegate.swift in Sources */ = {isa = PBXBuildFile; fileRef = 5428283C2881042400C5B8CA /* AppDelegate.swift */; };
		5428283F2881042400C5B8CA /* SceneDelegate.swift in Sources */ = {isa = PBXBuildFile; fileRef = 5428283E2881042400C5B8CA /* SceneDelegate.swift */; };
		542828442881042400C5B8CA /* Main.storyboard in Resources */ = {isa = PBXBuildFile; fileRef = 542828422881042400C5B8CA /* Main.storyboard */; };
		542828462881042500C5B8CA /* Assets.xcassets in Resources */ = {isa = PBXBuildFile; fileRef = 542828452881042500C5B8CA /* Assets.xcassets */; };
		542828492881042500C5B8CA /* LaunchScreen.storyboard in Resources */ = {isa = PBXBuildFile; fileRef = 542828472881042500C5B8CA /* LaunchScreen.storyboard */; };
		542828542881042500C5B8CA /* ZhudongParkingTests.swift in Sources */ = {isa = PBXBuildFile; fileRef = 542828532881042500C5B8CA /* ZhudongParkingTests.swift */; };
		5428285E2881042500C5B8CA /* ZhudongParkingUITests.swift in Sources */ = {isa = PBXBuildFile; fileRef = 5428285D2881042500C5B8CA /* ZhudongParkingUITests.swift */; };
		542828602881042500C5B8CA /* ZhudongParkingUITestsLaunchTests.swift in Sources */ = {isa = PBXBuildFile; fileRef = 5428285F2881042500C5B8CA /* ZhudongParkingUITestsLaunchTests.swift */; };
		542A28CE2887A24D0015AE58 /* PayDetailViewController.swift in Sources */ = {isa = PBXBuildFile; fileRef = 542A28CC2887A24D0015AE58 /* PayDetailViewController.swift */; };
		542A28CF2887A24D0015AE58 /* PayDetailViewController.xib in Resources */ = {isa = PBXBuildFile; fileRef = 542A28CD2887A24D0015AE58 /* PayDetailViewController.xib */; };
		5435C64E28868CEF006E68D7 /* PaymentTypeSelectViewController.swift in Sources */ = {isa = PBXBuildFile; fileRef = 5435C64C28868CEF006E68D7 /* PaymentTypeSelectViewController.swift */; };
		5435C64F28868CEF006E68D7 /* PaymentTypeSelectViewController.xib in Resources */ = {isa = PBXBuildFile; fileRef = 5435C64D28868CEF006E68D7 /* PaymentTypeSelectViewController.xib */; };
		543931F72886765C003DFEC6 /* PaymentFlowViewController.swift in Sources */ = {isa = PBXBuildFile; fileRef = 543931F62886765C003DFEC6 /* PaymentFlowViewController.swift */; };
		543C7C3828911F31008B441E /* WebAPI.swift in Sources */ = {isa = PBXBuildFile; fileRef = 543C7C3728911F31008B441E /* WebAPI.swift */; };
		543C7C3A28911F74008B441E /* URLpath.swift in Sources */ = {isa = PBXBuildFile; fileRef = 543C7C3928911F74008B441E /* URLpath.swift */; };
		543C7C3C28938ADE008B441E /* CouponModel.swift in Sources */ = {isa = PBXBuildFile; fileRef = 543C7C3B28938ADE008B441E /* CouponModel.swift */; };
		543C7C3F2893A928008B441E /* LoadingView.swift in Sources */ = {isa = PBXBuildFile; fileRef = 543C7C3E2893A928008B441E /* LoadingView.swift */; };
		543C7C412893BDFE008B441E /* PayRecordModel.swift in Sources */ = {isa = PBXBuildFile; fileRef = 543C7C402893BDFE008B441E /* PayRecordModel.swift */; };
		54A809ED2881052E00B25C4B /* RootNavigationController.swift in Sources */ = {isa = PBXBuildFile; fileRef = 54A809EC2881052E00B25C4B /* RootNavigationController.swift */; };
		54AD66CC2886A1B9008BEA43 /* PayResultViewController.swift in Sources */ = {isa = PBXBuildFile; fileRef = 54AD66CA2886A1B9008BEA43 /* PayResultViewController.swift */; };
		54AD66CD2886A1B9008BEA43 /* PayResultViewController.xib in Resources */ = {isa = PBXBuildFile; fileRef = 54AD66CB2886A1B9008BEA43 /* PayResultViewController.xib */; };
		54AD66CF2886BB5E008BEA43 /* PayRecordTableViewController.swift in Sources */ = {isa = PBXBuildFile; fileRef = 54AD66CE2886BB5E008BEA43 /* PayRecordTableViewController.swift */; };
		54AD66D12886BB6B008BEA43 /* PayRecordTableViewController.storyboard in Resources */ = {isa = PBXBuildFile; fileRef = 54AD66D02886BB6B008BEA43 /* PayRecordTableViewController.storyboard */; };
		54D71FA2288167C900089A97 /* CouponTableViewController.swift in Sources */ = {isa = PBXBuildFile; fileRef = 54D71FA1288167C900089A97 /* CouponTableViewController.swift */; };
		54D71FA4288167D600089A97 /* CouponTableViewController.storyboard in Resources */ = {isa = PBXBuildFile; fileRef = 54D71FA3288167D600089A97 /* CouponTableViewController.storyboard */; };
		54D71FA7288169DC00089A97 /* RuleTextViewController.swift in Sources */ = {isa = PBXBuildFile; fileRef = 54D71FA5288169DC00089A97 /* RuleTextViewController.swift */; };
		54D71FA8288169DC00089A97 /* RuleTextViewController.xib in Resources */ = {isa = PBXBuildFile; fileRef = 54D71FA6288169DC00089A97 /* RuleTextViewController.xib */; };
		54D71FAA28816A6300089A97 /* OnTopTabBarController.swift in Sources */ = {isa = PBXBuildFile; fileRef = 54D71FA928816A6300089A97 /* OnTopTabBarController.swift */; };
		54DDC1BA28855C1C00C173A7 /* InputPlateViewController.swift in Sources */ = {isa = PBXBuildFile; fileRef = 54DDC1B828855C1C00C173A7 /* InputPlateViewController.swift */; };
		54DDC1BB28855C1C00C173A7 /* InputPlateViewController.xib in Resources */ = {isa = PBXBuildFile; fileRef = 54DDC1B928855C1C00C173A7 /* InputPlateViewController.xib */; };
		54DDC1BD28856BFB00C173A7 /* InputRecordTableViewController.swift in Sources */ = {isa = PBXBuildFile; fileRef = 54DDC1BC28856BFB00C173A7 /* InputRecordTableViewController.swift */; };
		54DDC1BF28856C0700C173A7 /* InputRecordTableViewController.storyboard in Resources */ = {isa = PBXBuildFile; fileRef = 54DDC1BE28856C0700C173A7 /* InputRecordTableViewController.storyboard */; };
		54DDC1C128856C6800C173A7 /* NeedPayTableViewController.swift in Sources */ = {isa = PBXBuildFile; fileRef = 54DDC1C028856C6800C173A7 /* NeedPayTableViewController.swift */; };
		54DDC1C328856C7100C173A7 /* NeedPayTableViewController.storyboard in Resources */ = {isa = PBXBuildFile; fileRef = 54DDC1C228856C7100C173A7 /* NeedPayTableViewController.storyboard */; };
		54E2120C2885357200213652 /* ParkingInfoTableViewController.swift in Sources */ = {isa = PBXBuildFile; fileRef = 54E2120B2885357200213652 /* ParkingInfoTableViewController.swift */; };
		54E2120E2885358E00213652 /* ParkingInfoTableViewController.storyboard in Resources */ = {isa = PBXBuildFile; fileRef = 54E2120D2885358E00213652 /* ParkingInfoTableViewController.storyboard */; };
		54E342F828A65133009DDB32 /* WKWebViewController.xib in Resources */ = {isa = PBXBuildFile; fileRef = 54E342F628A65133009DDB32 /* WKWebViewController.xib */; };
		54E342F928A65133009DDB32 /* WKWebViewController.swift in Sources */ = {isa = PBXBuildFile; fileRef = 54E342F728A65133009DDB32 /* WKWebViewController.swift */; };
		54E5F9C728811B9500600088 /* TopPageViewController.swift in Sources */ = {isa = PBXBuildFile; fileRef = 54E5F9C528811B9500600088 /* TopPageViewController.swift */; };
		54E5F9C828811B9500600088 /* TopPageViewController.xib in Resources */ = {isa = PBXBuildFile; fileRef = 54E5F9C628811B9500600088 /* TopPageViewController.xib */; };
		54E5F9CB28811F1600600088 /* Extensions.swift in Sources */ = {isa = PBXBuildFile; fileRef = 54E5F9CA28811F1600600088 /* Extensions.swift */; };
		54E5F9CD28811F2600600088 /* Theme.swift in Sources */ = {isa = PBXBuildFile; fileRef = 54E5F9CC28811F2600600088 /* Theme.swift */; };
		54E5F9D0288134C600600088 /* UserService.swift in Sources */ = {isa = PBXBuildFile; fileRef = 54E5F9CF288134C600600088 /* UserService.swift */; };
		54E5F9D42881389900600088 /* LogInFlowViewController.swift in Sources */ = {isa = PBXBuildFile; fileRef = 54E5F9D32881389900600088 /* LogInFlowViewController.swift */; };
		54E5F9D728813EB100600088 /* LogInViewController.swift in Sources */ = {isa = PBXBuildFile; fileRef = 54E5F9D528813EB100600088 /* LogInViewController.swift */; };
		54E5F9D828813EB100600088 /* LogInViewController.xib in Resources */ = {isa = PBXBuildFile; fileRef = 54E5F9D628813EB100600088 /* LogInViewController.xib */; };
		54E5F9DB288143D100600088 /* SignUpViewController.swift in Sources */ = {isa = PBXBuildFile; fileRef = 54E5F9D9288143D100600088 /* SignUpViewController.swift */; };
		54E5F9DC288143D100600088 /* SignUpViewController.xib in Resources */ = {isa = PBXBuildFile; fileRef = 54E5F9DA288143D100600088 /* SignUpViewController.xib */; };
		54E5F9E3288146D400600088 /* ForgotPasswordViewController.swift in Sources */ = {isa = PBXBuildFile; fileRef = 54E5F9E1288146D400600088 /* ForgotPasswordViewController.swift */; };
		54E5F9E4288146D400600088 /* ForgotPasswordViewController.xib in Resources */ = {isa = PBXBuildFile; fileRef = 54E5F9E2288146D400600088 /* ForgotPasswordViewController.xib */; };
		54E5F9E728815DB300600088 /* MemberCenterFlowViewController.swift in Sources */ = {isa = PBXBuildFile; fileRef = 54E5F9E628815DB300600088 /* MemberCenterFlowViewController.swift */; };
		54E5F9E928815E7300600088 /* MemberCenterTableViewController.swift in Sources */ = {isa = PBXBuildFile; fileRef = 54E5F9E828815E7300600088 /* MemberCenterTableViewController.swift */; };
		54E5F9EB28815E7E00600088 /* MemberCenterTableViewController.storyboard in Resources */ = {isa = PBXBuildFile; fileRef = 54E5F9EA28815E7E00600088 /* MemberCenterTableViewController.storyboard */; };
		54E5F9EE2881651400600088 /* MemberInfoViewController.swift in Sources */ = {isa = PBXBuildFile; fileRef = 54E5F9EC2881651400600088 /* MemberInfoViewController.swift */; };
		54E5F9EF2881651400600088 /* MemberInfoViewController.xib in Resources */ = {isa = PBXBuildFile; fileRef = 54E5F9ED2881651400600088 /* MemberInfoViewController.xib */; };
		DFC1A986087991B365C9A340 /* Pods_ZhudongParking.framework in Frameworks */ = {isa = PBXBuildFile; fileRef = F355436E0F4513BE2F40D959 /* Pods_ZhudongParking.framework */; };
/* End PBXBuildFile section */

/* Begin PBXContainerItemProxy section */
		542828502881042500C5B8CA /* PBXContainerItemProxy */ = {
			isa = PBXContainerItemProxy;
			containerPortal = 542828312881042400C5B8CA /* Project object */;
			proxyType = 1;
			remoteGlobalIDString = 542828382881042400C5B8CA;
			remoteInfo = ZhudongParking;
		};
		5428285A2881042500C5B8CA /* PBXContainerItemProxy */ = {
			isa = PBXContainerItemProxy;
			containerPortal = 542828312881042400C5B8CA /* Project object */;
			proxyType = 1;
			remoteGlobalIDString = 542828382881042400C5B8CA;
			remoteInfo = ZhudongParking;
		};
/* End PBXContainerItemProxy section */

/* Begin PBXFileReference section */
		20C0A28F01070A3BC5DC071E /* Pods-ZhudongParkingTests.release.xcconfig */ = {isa = PBXFileReference; includeInIndex = 1; lastKnownFileType = text.xcconfig; name = "Pods-ZhudongParkingTests.release.xcconfig"; path = "Target Support Files/Pods-ZhudongParkingTests/Pods-ZhudongParkingTests.release.xcconfig"; sourceTree = "<group>"; };
		2A2DE705EAD2281398366B24 /* Pods-ZhudongParking.debug.xcconfig */ = {isa = PBXFileReference; includeInIndex = 1; lastKnownFileType = text.xcconfig; name = "Pods-ZhudongParking.debug.xcconfig"; path = "Target Support Files/Pods-ZhudongParking/Pods-ZhudongParking.debug.xcconfig"; sourceTree = "<group>"; };
		4D6FE4AADF3DD43A1CB79179 /* Pods_ZhudongParkingTests.framework */ = {isa = PBXFileReference; explicitFileType = wrapper.framework; includeInIndex = 0; path = Pods_ZhudongParkingTests.framework; sourceTree = BUILT_PRODUCTS_DIR; };
		4F1AC19E28ACEFDF001F2FFE /* AdminMainPageViewController.swift */ = {isa = PBXFileReference; lastKnownFileType = sourcecode.swift; path = AdminMainPageViewController.swift; sourceTree = "<group>"; };
		4F1AC19F28ACEFDF001F2FFE /* AdminMainPageViewController.xib */ = {isa = PBXFileReference; lastKnownFileType = file.xib; path = AdminMainPageViewController.xib; sourceTree = "<group>"; };
		4F1AC1A228ACF23D001F2FFE /* QRScanViewController.swift */ = {isa = PBXFileReference; lastKnownFileType = sourcecode.swift; path = QRScanViewController.swift; sourceTree = "<group>"; };
		4F1AC1A328ACF23D001F2FFE /* QRScanViewController.xib */ = {isa = PBXFileReference; lastKnownFileType = file.xib; path = QRScanViewController.xib; sourceTree = "<group>"; };
		4F5BF0C928BC932C00DC6774 /* CouponAlertViewController.swift */ = {isa = PBXFileReference; lastKnownFileType = sourcecode.swift; path = CouponAlertViewController.swift; sourceTree = "<group>"; };
		4F5BF0CA28BC932C00DC6774 /* CouponAlertViewController.xib */ = {isa = PBXFileReference; lastKnownFileType = file.xib; path = CouponAlertViewController.xib; sourceTree = "<group>"; };
		4F5CE64628ADD4C600595B41 /* ButtonFactory.swift */ = {isa = PBXFileReference; lastKnownFileType = sourcecode.swift; path = ButtonFactory.swift; sourceTree = "<group>"; };
		4F5CE64828ADD94B00595B41 /* TitleLabel.swift */ = {isa = PBXFileReference; lastKnownFileType = sourcecode.swift; path = TitleLabel.swift; sourceTree = "<group>"; };
		4F5CE64A28ADDAC600595B41 /* LabelFactory.swift */ = {isa = PBXFileReference; lastKnownFileType = sourcecode.swift; path = LabelFactory.swift; sourceTree = "<group>"; };
		4F5CE64C28ADEC2800595B41 /* AdminService.swift */ = {isa = PBXFileReference; lastKnownFileType = sourcecode.swift; path = AdminService.swift; sourceTree = "<group>"; };
		4F5D4ACF28C04C2B001050A4 /* UIColor+Extension.swift */ = {isa = PBXFileReference; lastKnownFileType = sourcecode.swift; path = "UIColor+Extension.swift"; sourceTree = "<group>"; };
		4F74094A28B873F700184AE0 /* Date+Extension.swift */ = {isa = PBXFileReference; lastKnownFileType = sourcecode.swift; path = "Date+Extension.swift"; sourceTree = "<group>"; };
		4F7CC3A628AC98EC00C83A55 /* MainPageCollectionViewCell.swift */ = {isa = PBXFileReference; lastKnownFileType = sourcecode.swift; path = MainPageCollectionViewCell.swift; sourceTree = "<group>"; };
		4F7CC3A728AC98EC00C83A55 /* MainPageCollectionViewCell.xib */ = {isa = PBXFileReference; lastKnownFileType = file.xib; path = MainPageCollectionViewCell.xib; sourceTree = "<group>"; };
		4F91A36C28AF315F00461BA2 /* ParkService.swift */ = {isa = PBXFileReference; lastKnownFileType = sourcecode.swift; path = ParkService.swift; sourceTree = "<group>"; };
		4FCE3BCF28B5F6700099E612 /* CouponAlert.swift */ = {isa = PBXFileReference; lastKnownFileType = sourcecode.swift; path = CouponAlert.swift; sourceTree = "<group>"; };
		54233BBD28A9E37800367F21 /* TopModel.swift */ = {isa = PBXFileReference; lastKnownFileType = sourcecode.swift; path = TopModel.swift; sourceTree = "<group>"; };
		542828392881042400C5B8CA /* ZhudongParking.app */ = {isa = PBXFileReference; explicitFileType = wrapper.application; includeInIndex = 0; path = ZhudongParking.app; sourceTree = BUILT_PRODUCTS_DIR; };
		5428283C2881042400C5B8CA /* AppDelegate.swift */ = {isa = PBXFileReference; lastKnownFileType = sourcecode.swift; path = AppDelegate.swift; sourceTree = "<group>"; };
		5428283E2881042400C5B8CA /* SceneDelegate.swift */ = {isa = PBXFileReference; lastKnownFileType = sourcecode.swift; path = SceneDelegate.swift; sourceTree = "<group>"; };
		542828432881042400C5B8CA /* Base */ = {isa = PBXFileReference; lastKnownFileType = file.storyboard; name = Base; path = Base.lproj/Main.storyboard; sourceTree = "<group>"; };
		542828452881042500C5B8CA /* Assets.xcassets */ = {isa = PBXFileReference; lastKnownFileType = folder.assetcatalog; path = Assets.xcassets; sourceTree = "<group>"; };
		542828482881042500C5B8CA /* Base */ = {isa = PBXFileReference; lastKnownFileType = file.storyboard; name = Base; path = Base.lproj/LaunchScreen.storyboard; sourceTree = "<group>"; };
		5428284A2881042500C5B8CA /* Info.plist */ = {isa = PBXFileReference; lastKnownFileType = text.plist.xml; path = Info.plist; sourceTree = "<group>"; };
		5428284F2881042500C5B8CA /* ZhudongParkingTests.xctest */ = {isa = PBXFileReference; explicitFileType = wrapper.cfbundle; includeInIndex = 0; path = ZhudongParkingTests.xctest; sourceTree = BUILT_PRODUCTS_DIR; };
		542828532881042500C5B8CA /* ZhudongParkingTests.swift */ = {isa = PBXFileReference; lastKnownFileType = sourcecode.swift; path = ZhudongParkingTests.swift; sourceTree = "<group>"; };
		542828592881042500C5B8CA /* ZhudongParkingUITests.xctest */ = {isa = PBXFileReference; explicitFileType = wrapper.cfbundle; includeInIndex = 0; path = ZhudongParkingUITests.xctest; sourceTree = BUILT_PRODUCTS_DIR; };
		5428285D2881042500C5B8CA /* ZhudongParkingUITests.swift */ = {isa = PBXFileReference; lastKnownFileType = sourcecode.swift; path = ZhudongParkingUITests.swift; sourceTree = "<group>"; };
		5428285F2881042500C5B8CA /* ZhudongParkingUITestsLaunchTests.swift */ = {isa = PBXFileReference; lastKnownFileType = sourcecode.swift; path = ZhudongParkingUITestsLaunchTests.swift; sourceTree = "<group>"; };
		542A28CC2887A24D0015AE58 /* PayDetailViewController.swift */ = {isa = PBXFileReference; lastKnownFileType = sourcecode.swift; path = PayDetailViewController.swift; sourceTree = "<group>"; };
		542A28CD2887A24D0015AE58 /* PayDetailViewController.xib */ = {isa = PBXFileReference; lastKnownFileType = file.xib; path = PayDetailViewController.xib; sourceTree = "<group>"; };
		5435C64C28868CEF006E68D7 /* PaymentTypeSelectViewController.swift */ = {isa = PBXFileReference; lastKnownFileType = sourcecode.swift; path = PaymentTypeSelectViewController.swift; sourceTree = "<group>"; };
		5435C64D28868CEF006E68D7 /* PaymentTypeSelectViewController.xib */ = {isa = PBXFileReference; lastKnownFileType = file.xib; path = PaymentTypeSelectViewController.xib; sourceTree = "<group>"; };
		543931F62886765C003DFEC6 /* PaymentFlowViewController.swift */ = {isa = PBXFileReference; lastKnownFileType = sourcecode.swift; path = PaymentFlowViewController.swift; sourceTree = "<group>"; };
		543C7C3728911F31008B441E /* WebAPI.swift */ = {isa = PBXFileReference; fileEncoding = 4; lastKnownFileType = sourcecode.swift; path = WebAPI.swift; sourceTree = "<group>"; };
		543C7C3928911F74008B441E /* URLpath.swift */ = {isa = PBXFileReference; lastKnownFileType = sourcecode.swift; path = URLpath.swift; sourceTree = "<group>"; };
		543C7C3B28938ADE008B441E /* CouponModel.swift */ = {isa = PBXFileReference; lastKnownFileType = sourcecode.swift; path = CouponModel.swift; sourceTree = "<group>"; };
		543C7C3E2893A928008B441E /* LoadingView.swift */ = {isa = PBXFileReference; fileEncoding = 4; lastKnownFileType = sourcecode.swift; path = LoadingView.swift; sourceTree = "<group>"; };
		543C7C402893BDFE008B441E /* PayRecordModel.swift */ = {isa = PBXFileReference; lastKnownFileType = sourcecode.swift; path = PayRecordModel.swift; sourceTree = "<group>"; };
		54A809EC2881052E00B25C4B /* RootNavigationController.swift */ = {isa = PBXFileReference; lastKnownFileType = sourcecode.swift; path = RootNavigationController.swift; sourceTree = "<group>"; };
		54AD66CA2886A1B9008BEA43 /* PayResultViewController.swift */ = {isa = PBXFileReference; lastKnownFileType = sourcecode.swift; path = PayResultViewController.swift; sourceTree = "<group>"; };
		54AD66CB2886A1B9008BEA43 /* PayResultViewController.xib */ = {isa = PBXFileReference; lastKnownFileType = file.xib; path = PayResultViewController.xib; sourceTree = "<group>"; };
		54AD66CE2886BB5E008BEA43 /* PayRecordTableViewController.swift */ = {isa = PBXFileReference; lastKnownFileType = sourcecode.swift; path = PayRecordTableViewController.swift; sourceTree = "<group>"; };
		54AD66D02886BB6B008BEA43 /* PayRecordTableViewController.storyboard */ = {isa = PBXFileReference; lastKnownFileType = file.storyboard; path = PayRecordTableViewController.storyboard; sourceTree = "<group>"; };
		54D71FA1288167C900089A97 /* CouponTableViewController.swift */ = {isa = PBXFileReference; lastKnownFileType = sourcecode.swift; path = CouponTableViewController.swift; sourceTree = "<group>"; };
		54D71FA3288167D600089A97 /* CouponTableViewController.storyboard */ = {isa = PBXFileReference; lastKnownFileType = file.storyboard; path = CouponTableViewController.storyboard; sourceTree = "<group>"; };
		54D71FA5288169DC00089A97 /* RuleTextViewController.swift */ = {isa = PBXFileReference; lastKnownFileType = sourcecode.swift; path = RuleTextViewController.swift; sourceTree = "<group>"; };
		54D71FA6288169DC00089A97 /* RuleTextViewController.xib */ = {isa = PBXFileReference; lastKnownFileType = file.xib; path = RuleTextViewController.xib; sourceTree = "<group>"; };
		54D71FA928816A6300089A97 /* OnTopTabBarController.swift */ = {isa = PBXFileReference; fileEncoding = 4; lastKnownFileType = sourcecode.swift; path = OnTopTabBarController.swift; sourceTree = "<group>"; };
		54DDC1B828855C1C00C173A7 /* InputPlateViewController.swift */ = {isa = PBXFileReference; lastKnownFileType = sourcecode.swift; path = InputPlateViewController.swift; sourceTree = "<group>"; };
		54DDC1B928855C1C00C173A7 /* InputPlateViewController.xib */ = {isa = PBXFileReference; lastKnownFileType = file.xib; path = InputPlateViewController.xib; sourceTree = "<group>"; };
		54DDC1BC28856BFB00C173A7 /* InputRecordTableViewController.swift */ = {isa = PBXFileReference; lastKnownFileType = sourcecode.swift; path = InputRecordTableViewController.swift; sourceTree = "<group>"; };
		54DDC1BE28856C0700C173A7 /* InputRecordTableViewController.storyboard */ = {isa = PBXFileReference; lastKnownFileType = file.storyboard; path = InputRecordTableViewController.storyboard; sourceTree = "<group>"; };
		54DDC1C028856C6800C173A7 /* NeedPayTableViewController.swift */ = {isa = PBXFileReference; lastKnownFileType = sourcecode.swift; path = NeedPayTableViewController.swift; sourceTree = "<group>"; };
		54DDC1C228856C7100C173A7 /* NeedPayTableViewController.storyboard */ = {isa = PBXFileReference; lastKnownFileType = file.storyboard; path = NeedPayTableViewController.storyboard; sourceTree = "<group>"; };
		54E2120B2885357200213652 /* ParkingInfoTableViewController.swift */ = {isa = PBXFileReference; lastKnownFileType = sourcecode.swift; path = ParkingInfoTableViewController.swift; sourceTree = "<group>"; };
		54E2120D2885358E00213652 /* ParkingInfoTableViewController.storyboard */ = {isa = PBXFileReference; lastKnownFileType = file.storyboard; path = ParkingInfoTableViewController.storyboard; sourceTree = "<group>"; };
		54E342F628A65133009DDB32 /* WKWebViewController.xib */ = {isa = PBXFileReference; fileEncoding = 4; lastKnownFileType = file.xib; path = WKWebViewController.xib; sourceTree = "<group>"; };
		54E342F728A65133009DDB32 /* WKWebViewController.swift */ = {isa = PBXFileReference; fileEncoding = 4; lastKnownFileType = sourcecode.swift; path = WKWebViewController.swift; sourceTree = "<group>"; };
		54E5F9C528811B9500600088 /* TopPageViewController.swift */ = {isa = PBXFileReference; lastKnownFileType = sourcecode.swift; path = TopPageViewController.swift; sourceTree = "<group>"; };
		54E5F9C628811B9500600088 /* TopPageViewController.xib */ = {isa = PBXFileReference; lastKnownFileType = file.xib; path = TopPageViewController.xib; sourceTree = "<group>"; };
		54E5F9CA28811F1600600088 /* Extensions.swift */ = {isa = PBXFileReference; fileEncoding = 4; lastKnownFileType = sourcecode.swift; path = Extensions.swift; sourceTree = "<group>"; };
		54E5F9CC28811F2600600088 /* Theme.swift */ = {isa = PBXFileReference; lastKnownFileType = sourcecode.swift; path = Theme.swift; sourceTree = "<group>"; };
		54E5F9CF288134C600600088 /* UserService.swift */ = {isa = PBXFileReference; lastKnownFileType = sourcecode.swift; path = UserService.swift; sourceTree = "<group>"; };
		54E5F9D32881389900600088 /* LogInFlowViewController.swift */ = {isa = PBXFileReference; lastKnownFileType = sourcecode.swift; path = LogInFlowViewController.swift; sourceTree = "<group>"; };
		54E5F9D528813EB100600088 /* LogInViewController.swift */ = {isa = PBXFileReference; lastKnownFileType = sourcecode.swift; path = LogInViewController.swift; sourceTree = "<group>"; };
		54E5F9D628813EB100600088 /* LogInViewController.xib */ = {isa = PBXFileReference; lastKnownFileType = file.xib; path = LogInViewController.xib; sourceTree = "<group>"; };
		54E5F9D9288143D100600088 /* SignUpViewController.swift */ = {isa = PBXFileReference; lastKnownFileType = sourcecode.swift; path = SignUpViewController.swift; sourceTree = "<group>"; };
		54E5F9DA288143D100600088 /* SignUpViewController.xib */ = {isa = PBXFileReference; lastKnownFileType = file.xib; path = SignUpViewController.xib; sourceTree = "<group>"; };
		54E5F9E1288146D400600088 /* ForgotPasswordViewController.swift */ = {isa = PBXFileReference; lastKnownFileType = sourcecode.swift; path = ForgotPasswordViewController.swift; sourceTree = "<group>"; };
		54E5F9E2288146D400600088 /* ForgotPasswordViewController.xib */ = {isa = PBXFileReference; lastKnownFileType = file.xib; path = ForgotPasswordViewController.xib; sourceTree = "<group>"; };
		54E5F9E628815DB300600088 /* MemberCenterFlowViewController.swift */ = {isa = PBXFileReference; lastKnownFileType = sourcecode.swift; path = MemberCenterFlowViewController.swift; sourceTree = "<group>"; };
		54E5F9E828815E7300600088 /* MemberCenterTableViewController.swift */ = {isa = PBXFileReference; lastKnownFileType = sourcecode.swift; path = MemberCenterTableViewController.swift; sourceTree = "<group>"; };
		54E5F9EA28815E7E00600088 /* MemberCenterTableViewController.storyboard */ = {isa = PBXFileReference; lastKnownFileType = file.storyboard; path = MemberCenterTableViewController.storyboard; sourceTree = "<group>"; };
		54E5F9EC2881651400600088 /* MemberInfoViewController.swift */ = {isa = PBXFileReference; lastKnownFileType = sourcecode.swift; path = MemberInfoViewController.swift; sourceTree = "<group>"; };
		54E5F9ED2881651400600088 /* MemberInfoViewController.xib */ = {isa = PBXFileReference; lastKnownFileType = file.xib; path = MemberInfoViewController.xib; sourceTree = "<group>"; };
		80F7FA90C993A061F21F3343 /* Pods-ZhudongParking-ZhudongParkingUITests.release.xcconfig */ = {isa = PBXFileReference; includeInIndex = 1; lastKnownFileType = text.xcconfig; name = "Pods-ZhudongParking-ZhudongParkingUITests.release.xcconfig"; path = "Target Support Files/Pods-ZhudongParking-ZhudongParkingUITests/Pods-ZhudongParking-ZhudongParkingUITests.release.xcconfig"; sourceTree = "<group>"; };
		969CD44EAE558E7DC3938491 /* Pods-ZhudongParkingTests.debug.xcconfig */ = {isa = PBXFileReference; includeInIndex = 1; lastKnownFileType = text.xcconfig; name = "Pods-ZhudongParkingTests.debug.xcconfig"; path = "Target Support Files/Pods-ZhudongParkingTests/Pods-ZhudongParkingTests.debug.xcconfig"; sourceTree = "<group>"; };
		B1AC1BF335791F276660DF6D /* Pods_ZhudongParking_ZhudongParkingUITests.framework */ = {isa = PBXFileReference; explicitFileType = wrapper.framework; includeInIndex = 0; path = Pods_ZhudongParking_ZhudongParkingUITests.framework; sourceTree = BUILT_PRODUCTS_DIR; };
		DC14D85513F77CB759274FC5 /* Pods-ZhudongParking.release.xcconfig */ = {isa = PBXFileReference; includeInIndex = 1; lastKnownFileType = text.xcconfig; name = "Pods-ZhudongParking.release.xcconfig"; path = "Target Support Files/Pods-ZhudongParking/Pods-ZhudongParking.release.xcconfig"; sourceTree = "<group>"; };
		F2BCD838C1CA351583A383DD /* Pods-ZhudongParking-ZhudongParkingUITests.debug.xcconfig */ = {isa = PBXFileReference; includeInIndex = 1; lastKnownFileType = text.xcconfig; name = "Pods-ZhudongParking-ZhudongParkingUITests.debug.xcconfig"; path = "Target Support Files/Pods-ZhudongParking-ZhudongParkingUITests/Pods-ZhudongParking-ZhudongParkingUITests.debug.xcconfig"; sourceTree = "<group>"; };
		F355436E0F4513BE2F40D959 /* Pods_ZhudongParking.framework */ = {isa = PBXFileReference; explicitFileType = wrapper.framework; includeInIndex = 0; path = Pods_ZhudongParking.framework; sourceTree = BUILT_PRODUCTS_DIR; };
/* End PBXFileReference section */

/* Begin PBXFrameworksBuildPhase section */
		542828362881042400C5B8CA /* Frameworks */ = {
			isa = PBXFrameworksBuildPhase;
			buildActionMask = 2147483647;
			files = (
				DFC1A986087991B365C9A340 /* Pods_ZhudongParking.framework in Frameworks */,
			);
			runOnlyForDeploymentPostprocessing = 0;
		};
		5428284C2881042500C5B8CA /* Frameworks */ = {
			isa = PBXFrameworksBuildPhase;
			buildActionMask = 2147483647;
			files = (
				3BA8C712F3CB74CB6E3172E8 /* Pods_ZhudongParkingTests.framework in Frameworks */,
			);
			runOnlyForDeploymentPostprocessing = 0;
		};
		542828562881042500C5B8CA /* Frameworks */ = {
			isa = PBXFrameworksBuildPhase;
			buildActionMask = 2147483647;
			files = (
				0CF7E6CF7A24320B8FA4CB1B /* Pods_ZhudongParking_ZhudongParkingUITests.framework in Frameworks */,
			);
			runOnlyForDeploymentPostprocessing = 0;
		};
/* End PBXFrameworksBuildPhase section */

/* Begin PBXGroup section */
		4F1AC19D28ACEDC2001F2FFE /* Admin */ = {
			isa = PBXGroup;
			children = (
				4F1AC19E28ACEFDF001F2FFE /* AdminMainPageViewController.swift */,
				4F1AC19F28ACEFDF001F2FFE /* AdminMainPageViewController.xib */,
				4F1AC1A228ACF23D001F2FFE /* QRScanViewController.swift */,
				4F1AC1A328ACF23D001F2FFE /* QRScanViewController.xib */,
			);
			path = Admin;
			sourceTree = "<group>";
		};
		4F74094828B873D200184AE0 /* Utils */ = {
			isa = PBXGroup;
			children = (
				4F74094928B873D800184AE0 /* Extensions */,
			);
			path = Utils;
			sourceTree = "<group>";
		};
		4F74094928B873D800184AE0 /* Extensions */ = {
			isa = PBXGroup;
			children = (
				4F74094A28B873F700184AE0 /* Date+Extension.swift */,
				4F5D4ACF28C04C2B001050A4 /* UIColor+Extension.swift */,
			);
			path = Extensions;
			sourceTree = "<group>";
		};
		4FCE3BCE28B5F6370099E612 /* Views */ = {
			isa = PBXGroup;
			children = (
				4FCE3BCF28B5F6700099E612 /* CouponAlert.swift */,
				4F5BF0C928BC932C00DC6774 /* CouponAlertViewController.swift */,
				4F5BF0CA28BC932C00DC6774 /* CouponAlertViewController.xib */,
			);
			path = Views;
			sourceTree = "<group>";
		};
		542828302881042400C5B8CA = {
			isa = PBXGroup;
			children = (
				5428283B2881042400C5B8CA /* ZhudongParking */,
				542828522881042500C5B8CA /* ZhudongParkingTests */,
				5428285C2881042500C5B8CA /* ZhudongParkingUITests */,
				5428283A2881042400C5B8CA /* Products */,
				688D2D68E6486B104EA02CC5 /* Pods */,
				BC7B9AAEBC2096B76E710752 /* Frameworks */,
			);
			sourceTree = "<group>";
		};
		5428283A2881042400C5B8CA /* Products */ = {
			isa = PBXGroup;
			children = (
				542828392881042400C5B8CA /* ZhudongParking.app */,
				5428284F2881042500C5B8CA /* ZhudongParkingTests.xctest */,
				542828592881042500C5B8CA /* ZhudongParkingUITests.xctest */,
			);
			name = Products;
			sourceTree = "<group>";
		};
		5428283B2881042400C5B8CA /* ZhudongParking */ = {
			isa = PBXGroup;
			children = (
				4F74094828B873D200184AE0 /* Utils */,
				54E5F9CE288134A500600088 /* Service */,
				54E5F9C928811EF900600088 /* Custom */,
				543C7C3D289392B0008B441E /* Model */,
				54A809EB2881050500B25C4B /* View */,
				542828422881042400C5B8CA /* Main.storyboard */,
				5428283C2881042400C5B8CA /* AppDelegate.swift */,
				5428283E2881042400C5B8CA /* SceneDelegate.swift */,
				542828452881042500C5B8CA /* Assets.xcassets */,
				542828472881042500C5B8CA /* LaunchScreen.storyboard */,
				5428284A2881042500C5B8CA /* Info.plist */,
			);
			path = ZhudongParking;
			sourceTree = "<group>";
		};
		542828522881042500C5B8CA /* ZhudongParkingTests */ = {
			isa = PBXGroup;
			children = (
				542828532881042500C5B8CA /* ZhudongParkingTests.swift */,
			);
			path = ZhudongParkingTests;
			sourceTree = "<group>";
		};
		5428285C2881042500C5B8CA /* ZhudongParkingUITests */ = {
			isa = PBXGroup;
			children = (
				5428285D2881042500C5B8CA /* ZhudongParkingUITests.swift */,
				5428285F2881042500C5B8CA /* ZhudongParkingUITestsLaunchTests.swift */,
			);
			path = ZhudongParkingUITests;
			sourceTree = "<group>";
		};
		543C7C3628911F31008B441E /* API */ = {
			isa = PBXGroup;
			children = (
				543C7C3728911F31008B441E /* WebAPI.swift */,
				543C7C3928911F74008B441E /* URLpath.swift */,
			);
			path = API;
			sourceTree = "<group>";
		};
		543C7C3D289392B0008B441E /* Model */ = {
			isa = PBXGroup;
			children = (
				543C7C3B28938ADE008B441E /* CouponModel.swift */,
				543C7C402893BDFE008B441E /* PayRecordModel.swift */,
				54233BBD28A9E37800367F21 /* TopModel.swift */,
			);
			path = Model;
			sourceTree = "<group>";
		};
		54A809EB2881050500B25C4B /* View */ = {
			isa = PBXGroup;
			children = (
				4F1AC19D28ACEDC2001F2FFE /* Admin */,
				54DDC1B7288559C800C173A7 /* Payment */,
				54E5F9D12881378300600088 /* Member */,
				54A809EC2881052E00B25C4B /* RootNavigationController.swift */,
				54E5F9C528811B9500600088 /* TopPageViewController.swift */,
				54E5F9C628811B9500600088 /* TopPageViewController.xib */,
				54E2120B2885357200213652 /* ParkingInfoTableViewController.swift */,
				54E2120D2885358E00213652 /* ParkingInfoTableViewController.storyboard */,
				4F7CC3A628AC98EC00C83A55 /* MainPageCollectionViewCell.swift */,
				4F7CC3A728AC98EC00C83A55 /* MainPageCollectionViewCell.xib */,
			);
			path = View;
			sourceTree = "<group>";
		};
		54DDC1B7288559C800C173A7 /* Payment */ = {
			isa = PBXGroup;
			children = (
				543931F62886765C003DFEC6 /* PaymentFlowViewController.swift */,
				54DDC1B828855C1C00C173A7 /* InputPlateViewController.swift */,
				54DDC1B928855C1C00C173A7 /* InputPlateViewController.xib */,
				54DDC1BC28856BFB00C173A7 /* InputRecordTableViewController.swift */,
				54DDC1BE28856C0700C173A7 /* InputRecordTableViewController.storyboard */,
				54DDC1C028856C6800C173A7 /* NeedPayTableViewController.swift */,
				54DDC1C228856C7100C173A7 /* NeedPayTableViewController.storyboard */,
				5435C64C28868CEF006E68D7 /* PaymentTypeSelectViewController.swift */,
				5435C64D28868CEF006E68D7 /* PaymentTypeSelectViewController.xib */,
				54AD66CA2886A1B9008BEA43 /* PayResultViewController.swift */,
				54AD66CB2886A1B9008BEA43 /* PayResultViewController.xib */,
				54AD66CE2886BB5E008BEA43 /* PayRecordTableViewController.swift */,
				54AD66D02886BB6B008BEA43 /* PayRecordTableViewController.storyboard */,
				542A28CC2887A24D0015AE58 /* PayDetailViewController.swift */,
				542A28CD2887A24D0015AE58 /* PayDetailViewController.xib */,
			);
			path = Payment;
			sourceTree = "<group>";
		};
		54E5F9C928811EF900600088 /* Custom */ = {
			isa = PBXGroup;
			children = (
				4FCE3BCE28B5F6370099E612 /* Views */,
				54E5F9CA28811F1600600088 /* Extensions.swift */,
				54E5F9CC28811F2600600088 /* Theme.swift */,
				54D71FA928816A6300089A97 /* OnTopTabBarController.swift */,
				543C7C3E2893A928008B441E /* LoadingView.swift */,
				54E342F728A65133009DDB32 /* WKWebViewController.swift */,
				54E342F628A65133009DDB32 /* WKWebViewController.xib */,
				4F5CE64628ADD4C600595B41 /* ButtonFactory.swift */,
				4F5CE64A28ADDAC600595B41 /* LabelFactory.swift */,
				4F5CE64828ADD94B00595B41 /* TitleLabel.swift */,
			);
			path = Custom;
			sourceTree = "<group>";
		};
		54E5F9CE288134A500600088 /* Service */ = {
			isa = PBXGroup;
			children = (
				543C7C3628911F31008B441E /* API */,
				54E5F9CF288134C600600088 /* UserService.swift */,
				4F5CE64C28ADEC2800595B41 /* AdminService.swift */,
				4F91A36C28AF315F00461BA2 /* ParkService.swift */,
			);
			path = Service;
			sourceTree = "<group>";
		};
		54E5F9D12881378300600088 /* Member */ = {
			isa = PBXGroup;
			children = (
				54E5F9E528815D9700600088 /* MemberCenter */,
				54E5F9D22881387F00600088 /* Login */,
			);
			path = Member;
			sourceTree = "<group>";
		};
		54E5F9D22881387F00600088 /* Login */ = {
			isa = PBXGroup;
			children = (
				54E5F9D32881389900600088 /* LogInFlowViewController.swift */,
				54E5F9D528813EB100600088 /* LogInViewController.swift */,
				54E5F9D628813EB100600088 /* LogInViewController.xib */,
				54E5F9D9288143D100600088 /* SignUpViewController.swift */,
				54E5F9DA288143D100600088 /* SignUpViewController.xib */,
				54E5F9E1288146D400600088 /* ForgotPasswordViewController.swift */,
				54E5F9E2288146D400600088 /* ForgotPasswordViewController.xib */,
			);
			path = Login;
			sourceTree = "<group>";
		};
		54E5F9E528815D9700600088 /* MemberCenter */ = {
			isa = PBXGroup;
			children = (
				54E5F9E628815DB300600088 /* MemberCenterFlowViewController.swift */,
				54E5F9E828815E7300600088 /* MemberCenterTableViewController.swift */,
				54E5F9EA28815E7E00600088 /* MemberCenterTableViewController.storyboard */,
				54E5F9EC2881651400600088 /* MemberInfoViewController.swift */,
				54E5F9ED2881651400600088 /* MemberInfoViewController.xib */,
				54D71FA1288167C900089A97 /* CouponTableViewController.swift */,
				54D71FA3288167D600089A97 /* CouponTableViewController.storyboard */,
				54D71FA5288169DC00089A97 /* RuleTextViewController.swift */,
				54D71FA6288169DC00089A97 /* RuleTextViewController.xib */,
			);
			path = MemberCenter;
			sourceTree = "<group>";
		};
		688D2D68E6486B104EA02CC5 /* Pods */ = {
			isa = PBXGroup;
			children = (
				2A2DE705EAD2281398366B24 /* Pods-ZhudongParking.debug.xcconfig */,
				DC14D85513F77CB759274FC5 /* Pods-ZhudongParking.release.xcconfig */,
				F2BCD838C1CA351583A383DD /* Pods-ZhudongParking-ZhudongParkingUITests.debug.xcconfig */,
				80F7FA90C993A061F21F3343 /* Pods-ZhudongParking-ZhudongParkingUITests.release.xcconfig */,
				969CD44EAE558E7DC3938491 /* Pods-ZhudongParkingTests.debug.xcconfig */,
				20C0A28F01070A3BC5DC071E /* Pods-ZhudongParkingTests.release.xcconfig */,
			);
			path = Pods;
			sourceTree = "<group>";
		};
		BC7B9AAEBC2096B76E710752 /* Frameworks */ = {
			isa = PBXGroup;
			children = (
				F355436E0F4513BE2F40D959 /* Pods_ZhudongParking.framework */,
				B1AC1BF335791F276660DF6D /* Pods_ZhudongParking_ZhudongParkingUITests.framework */,
				4D6FE4AADF3DD43A1CB79179 /* Pods_ZhudongParkingTests.framework */,
			);
			name = Frameworks;
			sourceTree = "<group>";
		};
/* End PBXGroup section */

/* Begin PBXNativeTarget section */
		542828382881042400C5B8CA /* ZhudongParking */ = {
			isa = PBXNativeTarget;
			buildConfigurationList = 542828632881042500C5B8CA /* Build configuration list for PBXNativeTarget "ZhudongParking" */;
			buildPhases = (
				5ECC12FC0E92E1DD9FA7B861 /* [CP] Check Pods Manifest.lock */,
				542828352881042400C5B8CA /* Sources */,
				542828362881042400C5B8CA /* Frameworks */,
				542828372881042400C5B8CA /* Resources */,
				BEEC9F3B74D34F45214742FE /* [CP] Embed Pods Frameworks */,
			);
			buildRules = (
			);
			dependencies = (
			);
			name = ZhudongParking;
			productName = ZhudongParking;
			productReference = 542828392881042400C5B8CA /* ZhudongParking.app */;
			productType = "com.apple.product-type.application";
		};
		5428284E2881042500C5B8CA /* ZhudongParkingTests */ = {
			isa = PBXNativeTarget;
			buildConfigurationList = 542828662881042500C5B8CA /* Build configuration list for PBXNativeTarget "ZhudongParkingTests" */;
			buildPhases = (
				C31F0BF8DCF09F2DB0681C96 /* [CP] Check Pods Manifest.lock */,
				5428284B2881042500C5B8CA /* Sources */,
				5428284C2881042500C5B8CA /* Frameworks */,
				5428284D2881042500C5B8CA /* Resources */,
			);
			buildRules = (
			);
			dependencies = (
				542828512881042500C5B8CA /* PBXTargetDependency */,
			);
			name = ZhudongParkingTests;
			productName = ZhudongParkingTests;
			productReference = 5428284F2881042500C5B8CA /* ZhudongParkingTests.xctest */;
			productType = "com.apple.product-type.bundle.unit-test";
		};
		542828582881042500C5B8CA /* ZhudongParkingUITests */ = {
			isa = PBXNativeTarget;
			buildConfigurationList = 542828692881042500C5B8CA /* Build configuration list for PBXNativeTarget "ZhudongParkingUITests" */;
			buildPhases = (
				2DD83E974B55011CB5040542 /* [CP] Check Pods Manifest.lock */,
				542828552881042500C5B8CA /* Sources */,
				542828562881042500C5B8CA /* Frameworks */,
				542828572881042500C5B8CA /* Resources */,
				E6DFC385010FEFBF837FE09C /* [CP] Embed Pods Frameworks */,
			);
			buildRules = (
			);
			dependencies = (
				5428285B2881042500C5B8CA /* PBXTargetDependency */,
			);
			name = ZhudongParkingUITests;
			productName = ZhudongParkingUITests;
			productReference = 542828592881042500C5B8CA /* ZhudongParkingUITests.xctest */;
			productType = "com.apple.product-type.bundle.ui-testing";
		};
/* End PBXNativeTarget section */

/* Begin PBXProject section */
		542828312881042400C5B8CA /* Project object */ = {
			isa = PBXProject;
			attributes = {
				BuildIndependentTargetsInParallel = 1;
				LastSwiftUpdateCheck = 1330;
				LastUpgradeCheck = 1330;
				TargetAttributes = {
					542828382881042400C5B8CA = {
						CreatedOnToolsVersion = 13.3;
					};
					5428284E2881042500C5B8CA = {
						CreatedOnToolsVersion = 13.3;
						TestTargetID = 542828382881042400C5B8CA;
					};
					542828582881042500C5B8CA = {
						CreatedOnToolsVersion = 13.3;
						TestTargetID = 542828382881042400C5B8CA;
					};
				};
			};
			buildConfigurationList = 542828342881042400C5B8CA /* Build configuration list for PBXProject "ZhudongParking" */;
			compatibilityVersion = "Xcode 13.0";
			developmentRegion = en;
			hasScannedForEncodings = 0;
			knownRegions = (
				en,
				Base,
			);
			mainGroup = 542828302881042400C5B8CA;
			productRefGroup = 5428283A2881042400C5B8CA /* Products */;
			projectDirPath = "";
			projectRoot = "";
			targets = (
				542828382881042400C5B8CA /* ZhudongParking */,
				5428284E2881042500C5B8CA /* ZhudongParkingTests */,
				542828582881042500C5B8CA /* ZhudongParkingUITests */,
			);
		};
/* End PBXProject section */

/* Begin PBXResourcesBuildPhase section */
		542828372881042400C5B8CA /* Resources */ = {
			isa = PBXResourcesBuildPhase;
			buildActionMask = 2147483647;
			files = (
				4F5BF0CC28BC932C00DC6774 /* CouponAlertViewController.xib in Resources */,
				4F7CC3A928AC98EC00C83A55 /* MainPageCollectionViewCell.xib in Resources */,
				542828492881042500C5B8CA /* LaunchScreen.storyboard in Resources */,
				54E5F9EB28815E7E00600088 /* MemberCenterTableViewController.storyboard in Resources */,
				54E5F9C828811B9500600088 /* TopPageViewController.xib in Resources */,
				54E5F9E4288146D400600088 /* ForgotPasswordViewController.xib in Resources */,
				54AD66CD2886A1B9008BEA43 /* PayResultViewController.xib in Resources */,
				54DDC1BF28856C0700C173A7 /* InputRecordTableViewController.storyboard in Resources */,
				54D71FA4288167D600089A97 /* CouponTableViewController.storyboard in Resources */,
				542828462881042500C5B8CA /* Assets.xcassets in Resources */,
				542828442881042400C5B8CA /* Main.storyboard in Resources */,
				542A28CF2887A24D0015AE58 /* PayDetailViewController.xib in Resources */,
				54DDC1BB28855C1C00C173A7 /* InputPlateViewController.xib in Resources */,
				54DDC1C328856C7100C173A7 /* NeedPayTableViewController.storyboard in Resources */,
				4F1AC1A528ACF23D001F2FFE /* QRScanViewController.xib in Resources */,
				54E5F9DC288143D100600088 /* SignUpViewController.xib in Resources */,
				4F1AC1A128ACEFDF001F2FFE /* AdminMainPageViewController.xib in Resources */,
				54AD66D12886BB6B008BEA43 /* PayRecordTableViewController.storyboard in Resources */,
				5435C64F28868CEF006E68D7 /* PaymentTypeSelectViewController.xib in Resources */,
				54E342F828A65133009DDB32 /* WKWebViewController.xib in Resources */,
				54E5F9D828813EB100600088 /* LogInViewController.xib in Resources */,
				54D71FA8288169DC00089A97 /* RuleTextViewController.xib in Resources */,
				54E5F9EF2881651400600088 /* MemberInfoViewController.xib in Resources */,
				54E2120E2885358E00213652 /* ParkingInfoTableViewController.storyboard in Resources */,
			);
			runOnlyForDeploymentPostprocessing = 0;
		};
		5428284D2881042500C5B8CA /* Resources */ = {
			isa = PBXResourcesBuildPhase;
			buildActionMask = 2147483647;
			files = (
			);
			runOnlyForDeploymentPostprocessing = 0;
		};
		542828572881042500C5B8CA /* Resources */ = {
			isa = PBXResourcesBuildPhase;
			buildActionMask = 2147483647;
			files = (
			);
			runOnlyForDeploymentPostprocessing = 0;
		};
/* End PBXResourcesBuildPhase section */

/* Begin PBXShellScriptBuildPhase section */
		2DD83E974B55011CB5040542 /* [CP] Check Pods Manifest.lock */ = {
			isa = PBXShellScriptBuildPhase;
			buildActionMask = 2147483647;
			files = (
			);
			inputFileListPaths = (
			);
			inputPaths = (
				"${PODS_PODFILE_DIR_PATH}/Podfile.lock",
				"${PODS_ROOT}/Manifest.lock",
			);
			name = "[CP] Check Pods Manifest.lock";
			outputFileListPaths = (
			);
			outputPaths = (
				"$(DERIVED_FILE_DIR)/Pods-ZhudongParking-ZhudongParkingUITests-checkManifestLockResult.txt",
			);
			runOnlyForDeploymentPostprocessing = 0;
			shellPath = /bin/sh;
			shellScript = "diff \"${PODS_PODFILE_DIR_PATH}/Podfile.lock\" \"${PODS_ROOT}/Manifest.lock\" > /dev/null\nif [ $? != 0 ] ; then\n    # print error to STDERR\n    echo \"error: The sandbox is not in sync with the Podfile.lock. Run 'pod install' or update your CocoaPods installation.\" >&2\n    exit 1\nfi\n# This output is used by Xcode 'outputs' to avoid re-running this script phase.\necho \"SUCCESS\" > \"${SCRIPT_OUTPUT_FILE_0}\"\n";
			showEnvVarsInLog = 0;
		};
		5ECC12FC0E92E1DD9FA7B861 /* [CP] Check Pods Manifest.lock */ = {
			isa = PBXShellScriptBuildPhase;
			buildActionMask = 2147483647;
			files = (
			);
			inputFileListPaths = (
			);
			inputPaths = (
				"${PODS_PODFILE_DIR_PATH}/Podfile.lock",
				"${PODS_ROOT}/Manifest.lock",
			);
			name = "[CP] Check Pods Manifest.lock";
			outputFileListPaths = (
			);
			outputPaths = (
				"$(DERIVED_FILE_DIR)/Pods-ZhudongParking-checkManifestLockResult.txt",
			);
			runOnlyForDeploymentPostprocessing = 0;
			shellPath = /bin/sh;
			shellScript = "diff \"${PODS_PODFILE_DIR_PATH}/Podfile.lock\" \"${PODS_ROOT}/Manifest.lock\" > /dev/null\nif [ $? != 0 ] ; then\n    # print error to STDERR\n    echo \"error: The sandbox is not in sync with the Podfile.lock. Run 'pod install' or update your CocoaPods installation.\" >&2\n    exit 1\nfi\n# This output is used by Xcode 'outputs' to avoid re-running this script phase.\necho \"SUCCESS\" > \"${SCRIPT_OUTPUT_FILE_0}\"\n";
			showEnvVarsInLog = 0;
		};
		BEEC9F3B74D34F45214742FE /* [CP] Embed Pods Frameworks */ = {
			isa = PBXShellScriptBuildPhase;
			buildActionMask = 2147483647;
			files = (
			);
			inputFileListPaths = (
				"${PODS_ROOT}/Target Support Files/Pods-ZhudongParking/Pods-ZhudongParking-frameworks-${CONFIGURATION}-input-files.xcfilelist",
			);
			name = "[CP] Embed Pods Frameworks";
			outputFileListPaths = (
				"${PODS_ROOT}/Target Support Files/Pods-ZhudongParking/Pods-ZhudongParking-frameworks-${CONFIGURATION}-output-files.xcfilelist",
			);
			runOnlyForDeploymentPostprocessing = 0;
			shellPath = /bin/sh;
			shellScript = "\"${PODS_ROOT}/Target Support Files/Pods-ZhudongParking/Pods-ZhudongParking-frameworks.sh\"\n";
			showEnvVarsInLog = 0;
		};
		C31F0BF8DCF09F2DB0681C96 /* [CP] Check Pods Manifest.lock */ = {
			isa = PBXShellScriptBuildPhase;
			buildActionMask = 2147483647;
			files = (
			);
			inputFileListPaths = (
			);
			inputPaths = (
				"${PODS_PODFILE_DIR_PATH}/Podfile.lock",
				"${PODS_ROOT}/Manifest.lock",
			);
			name = "[CP] Check Pods Manifest.lock";
			outputFileListPaths = (
			);
			outputPaths = (
				"$(DERIVED_FILE_DIR)/Pods-ZhudongParkingTests-checkManifestLockResult.txt",
			);
			runOnlyForDeploymentPostprocessing = 0;
			shellPath = /bin/sh;
			shellScript = "diff \"${PODS_PODFILE_DIR_PATH}/Podfile.lock\" \"${PODS_ROOT}/Manifest.lock\" > /dev/null\nif [ $? != 0 ] ; then\n    # print error to STDERR\n    echo \"error: The sandbox is not in sync with the Podfile.lock. Run 'pod install' or update your CocoaPods installation.\" >&2\n    exit 1\nfi\n# This output is used by Xcode 'outputs' to avoid re-running this script phase.\necho \"SUCCESS\" > \"${SCRIPT_OUTPUT_FILE_0}\"\n";
			showEnvVarsInLog = 0;
		};
		E6DFC385010FEFBF837FE09C /* [CP] Embed Pods Frameworks */ = {
			isa = PBXShellScriptBuildPhase;
			buildActionMask = 2147483647;
			files = (
			);
			inputFileListPaths = (
				"${PODS_ROOT}/Target Support Files/Pods-ZhudongParking-ZhudongParkingUITests/Pods-ZhudongParking-ZhudongParkingUITests-frameworks-${CONFIGURATION}-input-files.xcfilelist",
			);
			name = "[CP] Embed Pods Frameworks";
			outputFileListPaths = (
				"${PODS_ROOT}/Target Support Files/Pods-ZhudongParking-ZhudongParkingUITests/Pods-ZhudongParking-ZhudongParkingUITests-frameworks-${CONFIGURATION}-output-files.xcfilelist",
			);
			runOnlyForDeploymentPostprocessing = 0;
			shellPath = /bin/sh;
			shellScript = "\"${PODS_ROOT}/Target Support Files/Pods-ZhudongParking-ZhudongParkingUITests/Pods-ZhudongParking-ZhudongParkingUITests-frameworks.sh\"\n";
			showEnvVarsInLog = 0;
		};
/* End PBXShellScriptBuildPhase section */

/* Begin PBXSourcesBuildPhase section */
		542828352881042400C5B8CA /* Sources */ = {
			isa = PBXSourcesBuildPhase;
			buildActionMask = 2147483647;
			files = (
				4F1AC1A428ACF23D001F2FFE /* QRScanViewController.swift in Sources */,
				4F74094B28B873F700184AE0 /* Date+Extension.swift in Sources */,
				54E5F9D42881389900600088 /* LogInFlowViewController.swift in Sources */,
				54E5F9D0288134C600600088 /* UserService.swift in Sources */,
				54DDC1BA28855C1C00C173A7 /* InputPlateViewController.swift in Sources */,
				54E5F9E3288146D400600088 /* ForgotPasswordViewController.swift in Sources */,
				5435C64E28868CEF006E68D7 /* PaymentTypeSelectViewController.swift in Sources */,
				54D71FA7288169DC00089A97 /* RuleTextViewController.swift in Sources */,
				4F91A36D28AF315F00461BA2 /* ParkService.swift in Sources */,
				54E5F9D728813EB100600088 /* LogInViewController.swift in Sources */,
				54AD66CF2886BB5E008BEA43 /* PayRecordTableViewController.swift in Sources */,
				543C7C412893BDFE008B441E /* PayRecordModel.swift in Sources */,
				543C7C3A28911F74008B441E /* URLpath.swift in Sources */,
				542A28CE2887A24D0015AE58 /* PayDetailViewController.swift in Sources */,
				54E5F9CB28811F1600600088 /* Extensions.swift in Sources */,
				54AD66CC2886A1B9008BEA43 /* PayResultViewController.swift in Sources */,
				4F5D4AD028C04C2B001050A4 /* UIColor+Extension.swift in Sources */,
				54E5F9DB288143D100600088 /* SignUpViewController.swift in Sources */,
				4F5CE64928ADD94B00595B41 /* TitleLabel.swift in Sources */,
				5428283D2881042400C5B8CA /* AppDelegate.swift in Sources */,
				54E5F9C728811B9500600088 /* TopPageViewController.swift in Sources */,
				54E5F9EE2881651400600088 /* MemberInfoViewController.swift in Sources */,
				543931F72886765C003DFEC6 /* PaymentFlowViewController.swift in Sources */,
				54E5F9E928815E7300600088 /* MemberCenterTableViewController.swift in Sources */,
				54E342F928A65133009DDB32 /* WKWebViewController.swift in Sources */,
				54E5F9CD28811F2600600088 /* Theme.swift in Sources */,
				54DDC1BD28856BFB00C173A7 /* InputRecordTableViewController.swift in Sources */,
				4F5CE64B28ADDAC600595B41 /* LabelFactory.swift in Sources */,
				54DDC1C128856C6800C173A7 /* NeedPayTableViewController.swift in Sources */,
				5428283F2881042400C5B8CA /* SceneDelegate.swift in Sources */,
				543C7C3C28938ADE008B441E /* CouponModel.swift in Sources */,
				54233BBE28A9E37800367F21 /* TopModel.swift in Sources */,
				4F5CE64728ADD4C600595B41 /* ButtonFactory.swift in Sources */,
				4F7CC3A828AC98EC00C83A55 /* MainPageCollectionViewCell.swift in Sources */,
				4F5BF0CB28BC932C00DC6774 /* CouponAlertViewController.swift in Sources */,
				4F5CE64D28ADEC2800595B41 /* AdminService.swift in Sources */,
				543C7C3F2893A928008B441E /* LoadingView.swift in Sources */,
				4FCE3BD028B5F6700099E612 /* CouponAlert.swift in Sources */,
				54D71FA2288167C900089A97 /* CouponTableViewController.swift in Sources */,
				543C7C3828911F31008B441E /* WebAPI.swift in Sources */,
				54E2120C2885357200213652 /* ParkingInfoTableViewController.swift in Sources */,
				54A809ED2881052E00B25C4B /* RootNavigationController.swift in Sources */,
				54D71FAA28816A6300089A97 /* OnTopTabBarController.swift in Sources */,
				4F1AC1A028ACEFDF001F2FFE /* AdminMainPageViewController.swift in Sources */,
				54E5F9E728815DB300600088 /* MemberCenterFlowViewController.swift in Sources */,
			);
			runOnlyForDeploymentPostprocessing = 0;
		};
		5428284B2881042500C5B8CA /* Sources */ = {
			isa = PBXSourcesBuildPhase;
			buildActionMask = 2147483647;
			files = (
				542828542881042500C5B8CA /* ZhudongParkingTests.swift in Sources */,
			);
			runOnlyForDeploymentPostprocessing = 0;
		};
		542828552881042500C5B8CA /* Sources */ = {
			isa = PBXSourcesBuildPhase;
			buildActionMask = 2147483647;
			files = (
				5428285E2881042500C5B8CA /* ZhudongParkingUITests.swift in Sources */,
				542828602881042500C5B8CA /* ZhudongParkingUITestsLaunchTests.swift in Sources */,
			);
			runOnlyForDeploymentPostprocessing = 0;
		};
/* End PBXSourcesBuildPhase section */

/* Begin PBXTargetDependency section */
		542828512881042500C5B8CA /* PBXTargetDependency */ = {
			isa = PBXTargetDependency;
			target = 542828382881042400C5B8CA /* ZhudongParking */;
			targetProxy = 542828502881042500C5B8CA /* PBXContainerItemProxy */;
		};
		5428285B2881042500C5B8CA /* PBXTargetDependency */ = {
			isa = PBXTargetDependency;
			target = 542828382881042400C5B8CA /* ZhudongParking */;
			targetProxy = 5428285A2881042500C5B8CA /* PBXContainerItemProxy */;
		};
/* End PBXTargetDependency section */

/* Begin PBXVariantGroup section */
		542828422881042400C5B8CA /* Main.storyboard */ = {
			isa = PBXVariantGroup;
			children = (
				542828432881042400C5B8CA /* Base */,
			);
			name = Main.storyboard;
			sourceTree = "<group>";
		};
		542828472881042500C5B8CA /* LaunchScreen.storyboard */ = {
			isa = PBXVariantGroup;
			children = (
				542828482881042500C5B8CA /* Base */,
			);
			name = LaunchScreen.storyboard;
			sourceTree = "<group>";
		};
/* End PBXVariantGroup section */

/* Begin XCBuildConfiguration section */
		542828612881042500C5B8CA /* Debug */ = {
			isa = XCBuildConfiguration;
			buildSettings = {
				ALWAYS_SEARCH_USER_PATHS = NO;
				CLANG_ANALYZER_NONNULL = YES;
				CLANG_ANALYZER_NUMBER_OBJECT_CONVERSION = YES_AGGRESSIVE;
				CLANG_CXX_LANGUAGE_STANDARD = "gnu++17";
				CLANG_ENABLE_MODULES = YES;
				CLANG_ENABLE_OBJC_ARC = YES;
				CLANG_ENABLE_OBJC_WEAK = YES;
				CLANG_WARN_BLOCK_CAPTURE_AUTORELEASING = YES;
				CLANG_WARN_BOOL_CONVERSION = YES;
				CLANG_WARN_COMMA = YES;
				CLANG_WARN_CONSTANT_CONVERSION = YES;
				CLANG_WARN_DEPRECATED_OBJC_IMPLEMENTATIONS = YES;
				CLANG_WARN_DIRECT_OBJC_ISA_USAGE = YES_ERROR;
				CLANG_WARN_DOCUMENTATION_COMMENTS = YES;
				CLANG_WARN_EMPTY_BODY = YES;
				CLANG_WARN_ENUM_CONVERSION = YES;
				CLANG_WARN_INFINITE_RECURSION = YES;
				CLANG_WARN_INT_CONVERSION = YES;
				CLANG_WARN_NON_LITERAL_NULL_CONVERSION = YES;
				CLANG_WARN_OBJC_IMPLICIT_RETAIN_SELF = YES;
				CLANG_WARN_OBJC_LITERAL_CONVERSION = YES;
				CLANG_WARN_OBJC_ROOT_CLASS = YES_ERROR;
				CLANG_WARN_QUOTED_INCLUDE_IN_FRAMEWORK_HEADER = YES;
				CLANG_WARN_RANGE_LOOP_ANALYSIS = YES;
				CLANG_WARN_STRICT_PROTOTYPES = YES;
				CLANG_WARN_SUSPICIOUS_MOVE = YES;
				CLANG_WARN_UNGUARDED_AVAILABILITY = YES_AGGRESSIVE;
				CLANG_WARN_UNREACHABLE_CODE = YES;
				CLANG_WARN__DUPLICATE_METHOD_MATCH = YES;
				COPY_PHASE_STRIP = NO;
				DEBUG_INFORMATION_FORMAT = dwarf;
				ENABLE_STRICT_OBJC_MSGSEND = YES;
				ENABLE_TESTABILITY = YES;
				GCC_C_LANGUAGE_STANDARD = gnu11;
				GCC_DYNAMIC_NO_PIC = NO;
				GCC_NO_COMMON_BLOCKS = YES;
				GCC_OPTIMIZATION_LEVEL = 0;
				GCC_PREPROCESSOR_DEFINITIONS = (
					"DEBUG=1",
					"$(inherited)",
				);
				GCC_WARN_64_TO_32_BIT_CONVERSION = YES;
				GCC_WARN_ABOUT_RETURN_TYPE = YES_ERROR;
				GCC_WARN_UNDECLARED_SELECTOR = YES;
				GCC_WARN_UNINITIALIZED_AUTOS = YES_AGGRESSIVE;
				GCC_WARN_UNUSED_FUNCTION = YES;
				GCC_WARN_UNUSED_VARIABLE = YES;
				IPHONEOS_DEPLOYMENT_TARGET = 15.4;
				MTL_ENABLE_DEBUG_INFO = INCLUDE_SOURCE;
				MTL_FAST_MATH = YES;
				ONLY_ACTIVE_ARCH = YES;
				SDKROOT = iphoneos;
				SWIFT_ACTIVE_COMPILATION_CONDITIONS = DEBUG;
				SWIFT_OPTIMIZATION_LEVEL = "-Onone";
			};
			name = Debug;
		};
		542828622881042500C5B8CA /* Release */ = {
			isa = XCBuildConfiguration;
			buildSettings = {
				ALWAYS_SEARCH_USER_PATHS = NO;
				CLANG_ANALYZER_NONNULL = YES;
				CLANG_ANALYZER_NUMBER_OBJECT_CONVERSION = YES_AGGRESSIVE;
				CLANG_CXX_LANGUAGE_STANDARD = "gnu++17";
				CLANG_ENABLE_MODULES = YES;
				CLANG_ENABLE_OBJC_ARC = YES;
				CLANG_ENABLE_OBJC_WEAK = YES;
				CLANG_WARN_BLOCK_CAPTURE_AUTORELEASING = YES;
				CLANG_WARN_BOOL_CONVERSION = YES;
				CLANG_WARN_COMMA = YES;
				CLANG_WARN_CONSTANT_CONVERSION = YES;
				CLANG_WARN_DEPRECATED_OBJC_IMPLEMENTATIONS = YES;
				CLANG_WARN_DIRECT_OBJC_ISA_USAGE = YES_ERROR;
				CLANG_WARN_DOCUMENTATION_COMMENTS = YES;
				CLANG_WARN_EMPTY_BODY = YES;
				CLANG_WARN_ENUM_CONVERSION = YES;
				CLANG_WARN_INFINITE_RECURSION = YES;
				CLANG_WARN_INT_CONVERSION = YES;
				CLANG_WARN_NON_LITERAL_NULL_CONVERSION = YES;
				CLANG_WARN_OBJC_IMPLICIT_RETAIN_SELF = YES;
				CLANG_WARN_OBJC_LITERAL_CONVERSION = YES;
				CLANG_WARN_OBJC_ROOT_CLASS = YES_ERROR;
				CLANG_WARN_QUOTED_INCLUDE_IN_FRAMEWORK_HEADER = YES;
				CLANG_WARN_RANGE_LOOP_ANALYSIS = YES;
				CLANG_WARN_STRICT_PROTOTYPES = YES;
				CLANG_WARN_SUSPICIOUS_MOVE = YES;
				CLANG_WARN_UNGUARDED_AVAILABILITY = YES_AGGRESSIVE;
				CLANG_WARN_UNREACHABLE_CODE = YES;
				CLANG_WARN__DUPLICATE_METHOD_MATCH = YES;
				COPY_PHASE_STRIP = NO;
				DEBUG_INFORMATION_FORMAT = "dwarf-with-dsym";
				ENABLE_NS_ASSERTIONS = NO;
				ENABLE_STRICT_OBJC_MSGSEND = YES;
				GCC_C_LANGUAGE_STANDARD = gnu11;
				GCC_NO_COMMON_BLOCKS = YES;
				GCC_WARN_64_TO_32_BIT_CONVERSION = YES;
				GCC_WARN_ABOUT_RETURN_TYPE = YES_ERROR;
				GCC_WARN_UNDECLARED_SELECTOR = YES;
				GCC_WARN_UNINITIALIZED_AUTOS = YES_AGGRESSIVE;
				GCC_WARN_UNUSED_FUNCTION = YES;
				GCC_WARN_UNUSED_VARIABLE = YES;
				IPHONEOS_DEPLOYMENT_TARGET = 15.4;
				MTL_ENABLE_DEBUG_INFO = NO;
				MTL_FAST_MATH = YES;
				SDKROOT = iphoneos;
				SWIFT_COMPILATION_MODE = wholemodule;
				SWIFT_OPTIMIZATION_LEVEL = "-O";
				VALIDATE_PRODUCT = YES;
			};
			name = Release;
		};
		542828642881042500C5B8CA /* Debug */ = {
			isa = XCBuildConfiguration;
			baseConfigurationReference = 2A2DE705EAD2281398366B24 /* Pods-ZhudongParking.debug.xcconfig */;
			buildSettings = {
				ASSETCATALOG_COMPILER_APPICON_NAME = AppIcon;
				ASSETCATALOG_COMPILER_GLOBAL_ACCENT_COLOR_NAME = AccentColor;
				CODE_SIGN_STYLE = Automatic;
				CURRENT_PROJECT_VERSION = 21;
				DEVELOPMENT_TEAM = RV8U4Q9DP5;
				GENERATE_INFOPLIST_FILE = YES;
				INFOPLIST_FILE = ZhudongParking/Info.plist;
				INFOPLIST_KEY_CFBundleDisplayName = "竹東停車幫幫忙";
				INFOPLIST_KEY_NSCameraUsageDescription = "We need to access your camera for scanning QR code";
				INFOPLIST_KEY_UIApplicationSupportsIndirectInputEvents = YES;
				INFOPLIST_KEY_UILaunchStoryboardName = LaunchScreen;
				INFOPLIST_KEY_UIMainStoryboardFile = Main;
				INFOPLIST_KEY_UISupportedInterfaceOrientations_iPad = "UIInterfaceOrientationPortrait UIInterfaceOrientationPortraitUpsideDown UIInterfaceOrientationLandscapeLeft UIInterfaceOrientationLandscapeRight";
				INFOPLIST_KEY_UISupportedInterfaceOrientations_iPhone = "UIInterfaceOrientationPortrait UIInterfaceOrientationLandscapeLeft UIInterfaceOrientationLandscapeRight";
				IPHONEOS_DEPLOYMENT_TARGET = 13.0;
				LD_RUNPATH_SEARCH_PATHS = (
					"$(inherited)",
					"@executable_path/Frameworks",
				);
				MARKETING_VERSION = 1.0;
				PRODUCT_BUNDLE_IDENTIFIER = com.jotangi.ZhudongParking;
				PRODUCT_NAME = "$(TARGET_NAME)";
				SWIFT_EMIT_LOC_STRINGS = YES;
				SWIFT_VERSION = 5.0;
				TARGETED_DEVICE_FAMILY = 1;
			};
			name = Debug;
		};
		542828652881042500C5B8CA /* Release */ = {
			isa = XCBuildConfiguration;
			baseConfigurationReference = DC14D85513F77CB759274FC5 /* Pods-ZhudongParking.release.xcconfig */;
			buildSettings = {
				ASSETCATALOG_COMPILER_APPICON_NAME = AppIcon;
				ASSETCATALOG_COMPILER_GLOBAL_ACCENT_COLOR_NAME = AccentColor;
				CODE_SIGN_STYLE = Automatic;
				CURRENT_PROJECT_VERSION = 21;
				DEVELOPMENT_TEAM = RV8U4Q9DP5;
				GENERATE_INFOPLIST_FILE = YES;
				INFOPLIST_FILE = ZhudongParking/Info.plist;
				INFOPLIST_KEY_CFBundleDisplayName = "竹東停車幫幫忙";
				INFOPLIST_KEY_NSCameraUsageDescription = "We need to access your camera for scanning QR code";
				INFOPLIST_KEY_UIApplicationSupportsIndirectInputEvents = YES;
				INFOPLIST_KEY_UILaunchStoryboardName = LaunchScreen;
				INFOPLIST_KEY_UIMainStoryboardFile = Main;
				INFOPLIST_KEY_UISupportedInterfaceOrientations_iPad = "UIInterfaceOrientationPortrait UIInterfaceOrientationPortraitUpsideDown UIInterfaceOrientationLandscapeLeft UIInterfaceOrientationLandscapeRight";
				INFOPLIST_KEY_UISupportedInterfaceOrientations_iPhone = "UIInterfaceOrientationPortrait UIInterfaceOrientationLandscapeLeft UIInterfaceOrientationLandscapeRight";
				IPHONEOS_DEPLOYMENT_TARGET = 13.0;
				LD_RUNPATH_SEARCH_PATHS = (
					"$(inherited)",
					"@executable_path/Frameworks",
				);
				MARKETING_VERSION = 1.0;
				PRODUCT_BUNDLE_IDENTIFIER = com.jotangi.ZhudongParking;
				PRODUCT_NAME = "$(TARGET_NAME)";
				SWIFT_EMIT_LOC_STRINGS = YES;
				SWIFT_VERSION = 5.0;
				TARGETED_DEVICE_FAMILY = 1;
			};
			name = Release;
		};
		542828672881042500C5B8CA /* Debug */ = {
			isa = XCBuildConfiguration;
			baseConfigurationReference = 969CD44EAE558E7DC3938491 /* Pods-ZhudongParkingTests.debug.xcconfig */;
			buildSettings = {
				ALWAYS_EMBED_SWIFT_STANDARD_LIBRARIES = YES;
				BUNDLE_LOADER = "$(TEST_HOST)";
				CODE_SIGN_STYLE = Automatic;
				CURRENT_PROJECT_VERSION = 1;
				DEVELOPMENT_TEAM = RV8U4Q9DP5;
				GENERATE_INFOPLIST_FILE = YES;
				IPHONEOS_DEPLOYMENT_TARGET = 15.4;
				MARKETING_VERSION = 1.0;
				PRODUCT_BUNDLE_IDENTIFIER = com.jotangi.ZhudongParkingTests;
				PRODUCT_NAME = "$(TARGET_NAME)";
				SWIFT_EMIT_LOC_STRINGS = NO;
				SWIFT_VERSION = 5.0;
				TARGETED_DEVICE_FAMILY = "1,2";
				TEST_HOST = "$(BUILT_PRODUCTS_DIR)/ZhudongParking.app/ZhudongParking";
			};
			name = Debug;
		};
		542828682881042500C5B8CA /* Release */ = {
			isa = XCBuildConfiguration;
			baseConfigurationReference = 20C0A28F01070A3BC5DC071E /* Pods-ZhudongParkingTests.release.xcconfig */;
			buildSettings = {
				ALWAYS_EMBED_SWIFT_STANDARD_LIBRARIES = YES;
				BUNDLE_LOADER = "$(TEST_HOST)";
				CODE_SIGN_STYLE = Automatic;
				CURRENT_PROJECT_VERSION = 1;
				DEVELOPMENT_TEAM = RV8U4Q9DP5;
				GENERATE_INFOPLIST_FILE = YES;
				IPHONEOS_DEPLOYMENT_TARGET = 15.4;
				MARKETING_VERSION = 1.0;
				PRODUCT_BUNDLE_IDENTIFIER = com.jotangi.ZhudongParkingTests;
				PRODUCT_NAME = "$(TARGET_NAME)";
				SWIFT_EMIT_LOC_STRINGS = NO;
				SWIFT_VERSION = 5.0;
				TARGETED_DEVICE_FAMILY = "1,2";
				TEST_HOST = "$(BUILT_PRODUCTS_DIR)/ZhudongParking.app/ZhudongParking";
			};
			name = Release;
		};
		5428286A2881042500C5B8CA /* Debug */ = {
			isa = XCBuildConfiguration;
			baseConfigurationReference = F2BCD838C1CA351583A383DD /* Pods-ZhudongParking-ZhudongParkingUITests.debug.xcconfig */;
			buildSettings = {
				ALWAYS_EMBED_SWIFT_STANDARD_LIBRARIES = YES;
				CODE_SIGN_STYLE = Automatic;
				CURRENT_PROJECT_VERSION = 1;
				DEVELOPMENT_TEAM = RV8U4Q9DP5;
				GENERATE_INFOPLIST_FILE = YES;
				MARKETING_VERSION = 1.0;
				PRODUCT_BUNDLE_IDENTIFIER = com.jotangi.ZhudongParkingUITests;
				PRODUCT_NAME = "$(TARGET_NAME)";
				SWIFT_EMIT_LOC_STRINGS = NO;
				SWIFT_VERSION = 5.0;
				TARGETED_DEVICE_FAMILY = "1,2";
				TEST_TARGET_NAME = ZhudongParking;
			};
			name = Debug;
		};
		5428286B2881042500C5B8CA /* Release */ = {
			isa = XCBuildConfiguration;
			baseConfigurationReference = 80F7FA90C993A061F21F3343 /* Pods-ZhudongParking-ZhudongParkingUITests.release.xcconfig */;
			buildSettings = {
				ALWAYS_EMBED_SWIFT_STANDARD_LIBRARIES = YES;
				CODE_SIGN_STYLE = Automatic;
				CURRENT_PROJECT_VERSION = 1;
				DEVELOPMENT_TEAM = RV8U4Q9DP5;
				GENERATE_INFOPLIST_FILE = YES;
				MARKETING_VERSION = 1.0;
				PRODUCT_BUNDLE_IDENTIFIER = com.jotangi.ZhudongParkingUITests;
				PRODUCT_NAME = "$(TARGET_NAME)";
				SWIFT_EMIT_LOC_STRINGS = NO;
				SWIFT_VERSION = 5.0;
				TARGETED_DEVICE_FAMILY = "1,2";
				TEST_TARGET_NAME = ZhudongParking;
			};
			name = Release;
		};
/* End XCBuildConfiguration section */

/* Begin XCConfigurationList section */
		542828342881042400C5B8CA /* Build configuration list for PBXProject "ZhudongParking" */ = {
			isa = XCConfigurationList;
			buildConfigurations = (
				542828612881042500C5B8CA /* Debug */,
				542828622881042500C5B8CA /* Release */,
			);
			defaultConfigurationIsVisible = 0;
			defaultConfigurationName = Release;
		};
		542828632881042500C5B8CA /* Build configuration list for PBXNativeTarget "ZhudongParking" */ = {
			isa = XCConfigurationList;
			buildConfigurations = (
				542828642881042500C5B8CA /* Debug */,
				542828652881042500C5B8CA /* Release */,
			);
			defaultConfigurationIsVisible = 0;
			defaultConfigurationName = Release;
		};
		542828662881042500C5B8CA /* Build configuration list for PBXNativeTarget "ZhudongParkingTests" */ = {
			isa = XCConfigurationList;
			buildConfigurations = (
				542828672881042500C5B8CA /* Debug */,
				542828682881042500C5B8CA /* Release */,
			);
			defaultConfigurationIsVisible = 0;
			defaultConfigurationName = Release;
		};
		542828692881042500C5B8CA /* Build configuration list for PBXNativeTarget "ZhudongParkingUITests" */ = {
			isa = XCConfigurationList;
			buildConfigurations = (
				5428286A2881042500C5B8CA /* Debug */,
				5428286B2881042500C5B8CA /* Release */,
			);
			defaultConfigurationIsVisible = 0;
			defaultConfigurationName = Release;
		};
/* End XCConfigurationList section */
	};
	rootObject = 542828312881042400C5B8CA /* Project object */;
}
